// !$*UTF8*$!
{
	archiveVersion = 1;
	classes = {
	};
	objectVersion = 77;
	objects = {

/* Begin PBXBuildFile section */
		AA059CBF2FE407BA00DE3094 /* WebKit.framework in Frameworks */ = {isa = PBXBuildFile; fileRef = AA059CBE2FE407BA00DE3094 /* WebKit.framework */; };
		AA059CE32FE42E5500DE3094 /* Rainmaker in Frameworks */ = {isa = PBXBuildFile; productRef = AA059CE22FE42E5500DE3094 /* Rainmaker */; };
/* End PBXBuildFile section */

/* Begin PBXContainerItemProxy section */
		AA2AC5D930189B11002A0C28 /* PBXContainerItemProxy */ = {
			isa = PBXContainerItemProxy;
			containerPortal = AA059C9B2FE407A700DE3094 /* Project object */;
			proxyType = 1;
			remoteGlobalIDString = AA059CA22FE407A700DE3094;
			remoteInfo = Cirruscope;
		};
		AAE7F45D303D7457001A7B02 /* PBXContainerItemProxy */ = {
			isa = PBXContainerItemProxy;
			containerPortal = AA059C9B2FE407A700DE3094 /* Project object */;
			proxyType = 1;
			remoteGlobalIDString = AAE7F44F303D7455001A7B02;
			remoteInfo = iOS;
		};
/* End PBXContainerItemProxy section */

/* Begin PBXFileReference section */
		AA059CA32FE407A700DE3094 /* Cirruscope.app */ = {isa = PBXFileReference; explicitFileType = wrapper.application; includeInIndex = 0; path = Cirruscope.app; sourceTree = BUILT_PRODUCTS_DIR; };
		AA059CBE2FE407BA00DE3094 /* WebKit.framework */ = {isa = PBXFileReference; lastKnownFileType = wrapper.framework; name = WebKit.framework; path = System/Library/Frameworks/WebKit.framework; sourceTree = SDKROOT; };
		AA059CC42FE4130E00DE3094 /* README.md */ = {isa = PBXFileReference; lastKnownFileType = net.daringfireball.markdown; path = README.md; sourceTree = "<group>"; };
		AA059CC92FE414EB00DE3094 /* LICENSE */ = {isa = PBXFileReference; lastKnownFileType = text; path = LICENSE; sourceTree = "<group>"; };
		AA059CFA2FE558BD00DE3094 /* AGENTS.md */ = {isa = PBXFileReference; lastKnownFileType = net.daringfireball.markdown; path = AGENTS.md; sourceTree = "<group>"; };
		AA2AC5D530189B11002A0C28 /* macOSTests.xctest */ = {isa = PBXFileReference; explicitFileType = wrapper.cfbundle; includeInIndex = 0; path = macOSTests.xctest; sourceTree = BUILT_PRODUCTS_DIR; };
		AA8A9A90300522C20098151F /* Cirruscope.xcconfig */ = {isa = PBXFileReference; lastKnownFileType = text.xcconfig; path = Cirruscope.xcconfig; sourceTree = "<group>"; };
		AAE675CC301CEB10007853C0 /* DECISIONS.md */ = {isa = PBXFileReference; lastKnownFileType = net.daringfireball.markdown; path = DECISIONS.md; sourceTree = "<group>"; };
		AAE675CD301CEB20007853C0 /* CODE_OF_CONDUCT.md */ = {isa = PBXFileReference; lastKnownFileType = net.daringfireball.markdown; path = CODE_OF_CONDUCT.md; sourceTree = "<group>"; };
		AAE675CE301CEB20007853C0 /* CONTRIBUTING.md */ = {isa = PBXFileReference; lastKnownFileType = net.daringfireball.markdown; path = CONTRIBUTING.md; sourceTree = "<group>"; };
		AAE675CF301CEB20007853C0 /* REUSE.toml */ = {isa = PBXFileReference; lastKnownFileType = text; path = REUSE.toml; sourceTree = "<group>"; };
		AAE7F450303D7455001A7B02 /* Cirruscope.app */ = {isa = PBXFileReference; explicitFileType = wrapper.application; includeInIndex = 0; path = Cirruscope.app; sourceTree = BUILT_PRODUCTS_DIR; };
		AAE7F45C303D7457001A7B02 /* iOSTests.xctest */ = {isa = PBXFileReference; explicitFileType = wrapper.cfbundle; includeInIndex = 0; path = iOSTests.xctest; sourceTree = BUILT_PRODUCTS_DIR; };
/* End PBXFileReference section */

/* Begin PBXFileSystemSynchronizedBuildFileExceptionSet section */
		AAE7FF44303D7EF4001A7B02 /* Exceptions for "macOS" folder in "macOS" target */ = {
			isa = PBXFileSystemSynchronizedBuildFileExceptionSet;
			membershipExceptions = (
				Info.plist,
			);
			target = AA059CA22FE407A700DE3094 /* macOS */;
		};
		AAE7FF49303D82EF001A7B02 /* Exceptions for "Cirruscope" folder in "macOS" target */ = {
			isa = PBXFileSystemSynchronizedBuildFileExceptionSet;
			membershipExceptions = (
				Cirruscope.xcconfig,
			);
			target = AA059CA22FE407A700DE3094 /* macOS */;
		};
		AAE7FF4A303D82EF001A7B02 /* Exceptions for "Cirruscope" folder in "iOS" target */ = {
			isa = PBXFileSystemSynchronizedBuildFileExceptionSet;
			membershipExceptions = (
				Cirruscope.xcconfig,
			);
			target = AAE7F44F303D7455001A7B02 /* iOS */;
		};
/* End PBXFileSystemSynchronizedBuildFileExceptionSet section */

/* Begin PBXFileSystemSynchronizedRootGroup section */
		AA059CA52FE407A700DE3094 /* Cirruscope */ = {
			isa = PBXFileSystemSynchronizedRootGroup;
			exceptions = (
				AAE7FF49303D82EF001A7B02 /* Exceptions for "Cirruscope" folder in "macOS" target */,
				AAE7FF4A303D82EF001A7B02 /* Exceptions for "Cirruscope" folder in "iOS" target */,
			);
			path = Cirruscope;
			sourceTree = "<group>";
		};
		AA2AC5D630189B11002A0C28 /* macOSTests */ = {
			isa = PBXFileSystemSynchronizedRootGroup;
			path = macOSTests;
			sourceTree = "<group>";
		};
		AAE67F6530231586007853C0 /* Website */ = {
			isa = PBXFileSystemSynchronizedRootGroup;
			path = Website;
			sourceTree = "<group>";
		};
		AAE70077303DB197001A7B02 /* .github */ = {
			isa = PBXFileSystemSynchronizedRootGroup;
			path = .github;
			sourceTree = "<group>";
		};
		AAE7F451303D7455001A7B02 /* iOS */ = {
			isa = PBXFileSystemSynchronizedRootGroup;
			path = iOS;
			sourceTree = "<group>";
		};
		AAE7F45F303D7457001A7B02 /* iOSTests */ = {
			isa = PBXFileSystemSynchronizedRootGroup;
			path = iOSTests;
			sourceTree = "<group>";
		};
		AAE7F477303D75FE001A7B02 /* macOS */ = {
			isa = PBXFileSystemSynchronizedRootGroup;
			exceptions = (
				AAE7FF44303D7EF4001A7B02 /* Exceptions for "macOS" folder in "macOS" target */,
			);
			path = macOS;
			sourceTree = "<group>";
		};
/* End PBXFileSystemSynchronizedRootGroup section */

/* Begin PBXFrameworksBuildPhase section */
		AA059CA02FE407A700DE3094 /* Frameworks */ = {
			isa = PBXFrameworksBuildPhase;
			buildActionMask = 2147483647;
			files = (
				AA059CBF2FE407BA00DE3094 /* WebKit.framework in Frameworks */,
				AA059CE32FE42E5500DE3094 /* Rainmaker in Frameworks */,
			);
			runOnlyForDeploymentPostprocessing = 0;
		};
		AA2AC5D230189B11002A0C28 /* Frameworks */ = {
			isa = PBXFrameworksBuildPhase;
			buildActionMask = 2147483647;
			files = (
			);
			runOnlyForDeploymentPostprocessing = 0;
		};
		AAE7F44D303D7455001A7B02 /* Frameworks */ = {
			isa = PBXFrameworksBuildPhase;
			buildActionMask = 2147483647;
			files = (
			);
			runOnlyForDeploymentPostprocessing = 0;
		};
		AAE7F459303D7457001A7B02 /* Frameworks */ = {
			isa = PBXFrameworksBuildPhase;
			buildActionMask = 2147483647;
			files = (
			);
			runOnlyForDeploymentPostprocessing = 0;
		};
/* End PBXFrameworksBuildPhase section */

/* Begin PBXGroup section */
		AA059C9A2FE407A700DE3094 = {
			isa = PBXGroup;
			children = (
				AA059CC42FE4130E00DE3094 /* README.md */,
				AA059CFA2FE558BD00DE3094 /* AGENTS.md */,
				AAE675CC301CEB10007853C0 /* DECISIONS.md */,
				AA059CC92FE414EB00DE3094 /* LICENSE */,
				AAE675CD301CEB20007853C0 /* CODE_OF_CONDUCT.md */,
				AAE675CE301CEB20007853C0 /* CONTRIBUTING.md */,
				AAE675CF301CEB20007853C0 /* REUSE.toml */,
				AA8A9A90300522C20098151F /* Cirruscope.xcconfig */,
				AAE70077303DB197001A7B02 /* .github */,
				AA059CA52FE407A700DE3094 /* Cirruscope */,
				AAE7F477303D75FE001A7B02 /* macOS */,
				AA2AC5D630189B11002A0C28 /* macOSTests */,
				AAE7F451303D7455001A7B02 /* iOS */,
				AAE7F45F303D7457001A7B02 /* iOSTests */,
				AAE67F6530231586007853C0 /* Website */,
				AA059CBD2FE407BA00DE3094 /* Frameworks */,
				AA059CA42FE407A700DE3094 /* Products */,
			);
			sourceTree = "<group>";
		};
		AA059CA42FE407A700DE3094 /* Products */ = {
			isa = PBXGroup;
			children = (
				AA059CA32FE407A700DE3094 /* Cirruscope.app */,
				AA2AC5D530189B11002A0C28 /* macOSTests.xctest */,
				AAE7F450303D7455001A7B02 /* Cirruscope.app */,
				AAE7F45C303D7457001A7B02 /* iOSTests.xctest */,
			);
			name = Products;
			sourceTree = "<group>";
		};
		AA059CBD2FE407BA00DE3094 /* Frameworks */ = {
			isa = PBXGroup;
			children = (
				AA059CBE2FE407BA00DE3094 /* WebKit.framework */,
			);
			name = Frameworks;
			sourceTree = "<group>";
		};
/* End PBXGroup section */

/* Begin PBXNativeTarget section */
		AA059CA22FE407A700DE3094 /* macOS */ = {
			isa = PBXNativeTarget;
			buildConfigurationList = AA059CB12FE407A900DE3094 /* Build configuration list for PBXNativeTarget "macOS" */;
			buildPhases = (
				AA059C9F2FE407A700DE3094 /* Sources */,
				AA059CA02FE407A700DE3094 /* Frameworks */,
				AA059CA12FE407A700DE3094 /* Resources */,
			);
			buildRules = (
			);
			dependencies = (
			);
			fileSystemSynchronizedGroups = (
				AA059CA52FE407A700DE3094 /* Cirruscope */,
				AAE7F477303D75FE001A7B02 /* macOS */,
			);
			name = macOS;
			packageProductDependencies = (
				AA059CE22FE42E5500DE3094 /* Rainmaker */,
			);
			productName = Cirruscope;
			productReference = AA059CA32FE407A700DE3094 /* Cirruscope.app */;
			productType = "com.apple.product-type.application";
		};
		AA2AC5D430189B11002A0C28 /* macOSTests */ = {
			isa = PBXNativeTarget;
			buildConfigurationList = AA2AC5DD30189B11002A0C28 /* Build configuration list for PBXNativeTarget "macOSTests" */;
			buildPhases = (
				AA2AC5D130189B11002A0C28 /* Sources */,
				AA2AC5D230189B11002A0C28 /* Frameworks */,
				AA2AC5D330189B11002A0C28 /* Resources */,
			);
			buildRules = (
			);
			dependencies = (
				AA2AC5DA30189B11002A0C28 /* PBXTargetDependency */,
			);
			fileSystemSynchronizedGroups = (
				AA2AC5D630189B11002A0C28 /* macOSTests */,
			);
			name = macOSTests;
			packageProductDependencies = (
			);
			productName = CirruscopeTests;
			productReference = AA2AC5D530189B11002A0C28 /* macOSTests.xctest */;
			productType = "com.apple.product-type.bundle.unit-test";
		};
		AAE7F44F303D7455001A7B02 /* iOS */ = {
			isa = PBXNativeTarget;
			buildConfigurationList = AAE7F474303D7457001A7B02 /* Build configuration list for PBXNativeTarget "iOS" */;
			buildPhases = (
				AAE7F44C303D7455001A7B02 /* Sources */,
				AAE7F44D303D7455001A7B02 /* Frameworks */,
				AAE7F44E303D7455001A7B02 /* Resources */,
			);
			buildRules = (
			);
			dependencies = (
			);
			fileSystemSynchronizedGroups = (
				AA059CA52FE407A700DE3094 /* Cirruscope */,
				AAE7F451303D7455001A7B02 /* iOS */,
			);
			name = iOS;
			packageProductDependencies = (
			);
			productName = iOS;
			productReference = AAE7F450303D7455001A7B02 /* Cirruscope.app */;
			productType = "com.apple.product-type.application";
		};
		AAE7F45B303D7457001A7B02 /* iOSTests */ = {
			isa = PBXNativeTarget;
			buildConfigurationList = AAE7F475303D7457001A7B02 /* Build configuration list for PBXNativeTarget "iOSTests" */;
			buildPhases = (
				AAE7F458303D7457001A7B02 /* Sources */,
				AAE7F459303D7457001A7B02 /* Frameworks */,
				AAE7F45A303D7457001A7B02 /* Resources */,
			);
			buildRules = (
			);
			dependencies = (
				AAE7F45E303D7457001A7B02 /* PBXTargetDependency */,
			);
			fileSystemSynchronizedGroups = (
				AAE7F45F303D7457001A7B02 /* iOSTests */,
			);
			name = iOSTests;
			packageProductDependencies = (
			);
			productName = iOSTests;
			productReference = AAE7F45C303D7457001A7B02 /* iOSTests.xctest */;
			productType = "com.apple.product-type.bundle.unit-test";
		};
/* End PBXNativeTarget section */

/* Begin PBXProject section */
		AA059C9B2FE407A700DE3094 /* Project object */ = {
			isa = PBXProject;
			attributes = {
				BuildIndependentTargetsInParallel = 1;
				LastSwiftUpdateCheck = 2660;
				LastUpgradeCheck = 2660;
				TargetAttributes = {
					AA059CA22FE407A700DE3094 = {
						CreatedOnToolsVersion = 26.5;
					};
					AA2AC5D430189B11002A0C28 = {
						CreatedOnToolsVersion = 26.6;
						TestTargetID = AA059CA22FE407A700DE3094;
					};
					AAE7F44F303D7455001A7B02 = {
						CreatedOnToolsVersion = 26.6;
					};
					AAE7F45B303D7457001A7B02 = {
						CreatedOnToolsVersion = 26.6;
						TestTargetID = AAE7F44F303D7455001A7B02;
					};
				};
			};
			buildConfigurationList = AA059C9E2FE407A700DE3094 /* Build configuration list for PBXProject "Cirruscope" */;
			developmentRegion = en;
			hasScannedForEncodings = 0;
			knownRegions = (
				en,
				Base,
				de,
				fr,
				es,
			);
			mainGroup = AA059C9A2FE407A700DE3094;
			minimizedProjectReferenceProxies = 1;
			packageReferences = (
				AA059CE12FE42E5500DE3094 /* XCRemoteSwiftPackageReference "rainmaker" */,
			);
			preferredProjectObjectVersion = 77;
			productRefGroup = AA059CA42FE407A700DE3094 /* Products */;
			projectDirPath = "";
			projectRoot = "";
			targets = (
				AA059CA22FE407A700DE3094 /* macOS */,
				AA2AC5D430189B11002A0C28 /* macOSTests */,
				AAE7F44F303D7455001A7B02 /* iOS */,
				AAE7F45B303D7457001A7B02 /* iOSTests */,
			);
		};
/* End PBXProject section */

/* Begin PBXResourcesBuildPhase section */
		AA059CA12FE407A700DE3094 /* Resources */ = {
			isa = PBXResourcesBuildPhase;
			buildActionMask = 2147483647;
			files = (
			);
			runOnlyForDeploymentPostprocessing = 0;
		};
		AA2AC5D330189B11002A0C28 /* Resources */ = {
			isa = PBXResourcesBuildPhase;
			buildActionMask = 2147483647;
			files = (
			);
			runOnlyForDeploymentPostprocessing = 0;
		};
		AAE7F44E303D7455001A7B02 /* Resources */ = {
			isa = PBXResourcesBuildPhase;
			buildActionMask = 2147483647;
			files = (
			);
			runOnlyForDeploymentPostprocessing = 0;
		};
		AAE7F45A303D7457001A7B02 /* Resources */ = {
			isa = PBXResourcesBuildPhase;
			buildActionMask = 2147483647;
			files = (
			);
			runOnlyForDeploymentPostprocessing = 0;
		};
/* End PBXResourcesBuildPhase section */

/* Begin PBXSourcesBuildPhase section */
		AA059C9F2FE407A700DE3094 /* Sources */ = {
			isa = PBXSourcesBuildPhase;
			buildActionMask = 2147483647;
			files = (
			);
			runOnlyForDeploymentPostprocessing = 0;
		};
		AA2AC5D130189B11002A0C28 /* Sources */ = {
			isa = PBXSourcesBuildPhase;
			buildActionMask = 2147483647;
			files = (
			);
			runOnlyForDeploymentPostprocessing = 0;
		};
		AAE7F44C303D7455001A7B02 /* Sources */ = {
			isa = PBXSourcesBuildPhase;
			buildActionMask = 2147483647;
			files = (
			);
			runOnlyForDeploymentPostprocessing = 0;
		};
		AAE7F458303D7457001A7B02 /* Sources */ = {
			isa = PBXSourcesBuildPhase;
			buildActionMask = 2147483647;
			files = (
			);
			runOnlyForDeploymentPostprocessing = 0;
		};
/* End PBXSourcesBuildPhase section */

/* Begin PBXTargetDependency section */
		AA2AC5DA30189B11002A0C28 /* PBXTargetDependency */ = {
			isa = PBXTargetDependency;
			target = AA059CA22FE407A700DE3094 /* macOS */;
			targetProxy = AA2AC5D930189B11002A0C28 /* PBXContainerItemProxy */;
		};
		AAE7F45E303D7457001A7B02 /* PBXTargetDependency */ = {
			isa = PBXTargetDependency;
			target = AAE7F44F303D7455001A7B02 /* iOS */;
			targetProxy = AAE7F45D303D7457001A7B02 /* PBXContainerItemProxy */;
		};
/* End PBXTargetDependency section */

/* Begin XCBuildConfiguration section */
		AA059CAF2FE407A900DE3094 /* Debug */ = {
			isa = XCBuildConfiguration;
			baseConfigurationReference = AA8A9A90300522C20098151F /* Cirruscope.xcconfig */;
			buildSettings = {
				ALWAYS_SEARCH_USER_PATHS = NO;
				ASSETCATALOG_COMPILER_GENERATE_SWIFT_ASSET_SYMBOL_EXTENSIONS = YES;
				CLANG_ANALYZER_LOCALIZABILITY_NONLOCALIZED = YES;
				CLANG_ANALYZER_NONNULL = YES;
				CLANG_ANALYZER_NUMBER_OBJECT_CONVERSION = YES_AGGRESSIVE;
				CLANG_CXX_LANGUAGE_STANDARD = "gnu++20";
				CLANG_ENABLE_MODULES = YES;
				CLANG_ENABLE_OBJC_ARC = YES;
				CLANG_ENABLE_OBJC_WEAK = YES;
				CLANG_WARN_BLOCK_CAPTURE_AUTORELEASING = YES;
				CLANG_WARN_BOOL_CONVERSION = YES;
				CLANG_WARN_COMMA = YES;
				CLANG_WARN_CONSTANT_CONVERSION = YES;
				CLANG_WARN_DEPRECATED_OBJC_IMPLEMENTATIONS = YES;
				CLANG_WARN_DIRECT_OBJC_ISA_USAGE = YES_ERROR;
				CLANG_WARN_DOCUMENTATION_COMMENTS = YES;
				CLANG_WARN_EMPTY_BODY = YES;
				CLANG_WARN_ENUM_CONVERSION = YES;
				CLANG_WARN_INFINITE_RECURSION = YES;
				CLANG_WARN_INT_CONVERSION = YES;
				CLANG_WARN_NON_LITERAL_NULL_CONVERSION = YES;
				CLANG_WARN_OBJC_IMPLICIT_RETAIN_SELF = YES;
				CLANG_WARN_OBJC_LITERAL_CONVERSION = YES;
				CLANG_WARN_OBJC_ROOT_CLASS = YES_ERROR;
				CLANG_WARN_QUOTED_INCLUDE_IN_FRAMEWORK_HEADER = YES;
				CLANG_WARN_RANGE_LOOP_ANALYSIS = YES;
				CLANG_WARN_STRICT_PROTOTYPES = YES;
				CLANG_WARN_SUSPICIOUS_MOVE = YES;
				CLANG_WARN_UNGUARDED_AVAILABILITY = YES_AGGRESSIVE;
				CLANG_WARN_UNREACHABLE_CODE = YES;
				CLANG_WARN__DUPLICATE_METHOD_MATCH = YES;
				COPY_PHASE_STRIP = NO;
				DEBUG_INFORMATION_FORMAT = dwarf;
				DEVELOPMENT_TEAM = 9258VT2Z85;
				ENABLE_STRICT_OBJC_MSGSEND = YES;
				ENABLE_TESTABILITY = YES;
				ENABLE_USER_SCRIPT_SANDBOXING = YES;
				GCC_C_LANGUAGE_STANDARD = gnu17;
				GCC_DYNAMIC_NO_PIC = NO;
				GCC_NO_COMMON_BLOCKS = YES;
				GCC_OPTIMIZATION_LEVEL = 0;
				GCC_PREPROCESSOR_DEFINITIONS = (
					"DEBUG=1",
					"$(inherited)",
				);
				GCC_WARN_64_TO_32_BIT_CONVERSION = YES;
				GCC_WARN_ABOUT_RETURN_TYPE = YES_ERROR;
				GCC_WARN_UNDECLARED_SELECTOR = YES;
				GCC_WARN_UNINITIALIZED_AUTOS = YES_AGGRESSIVE;
				GCC_WARN_UNUSED_FUNCTION = YES;
				GCC_WARN_UNUSED_VARIABLE = YES;
				MTL_ENABLE_DEBUG_INFO = INCLUDE_SOURCE;
				MTL_FAST_MATH = YES;
				ONLY_ACTIVE_ARCH = YES;
				SDKROOT = macosx;
				STRING_CATALOG_GENERATE_SYMBOLS = YES;
				SWIFT_ACTIVE_COMPILATION_CONDITIONS = "DEBUG $(inherited)";
				SWIFT_OPTIMIZATION_LEVEL = "-Onone";
			};
			name = Debug;
		};
		AA059CB02FE407A900DE3094 /* Release */ = {
			isa = XCBuildConfiguration;
			baseConfigurationReference = AA8A9A90300522C20098151F /* Cirruscope.xcconfig */;
			buildSettings = {
				ALWAYS_SEARCH_USER_PATHS = NO;
				ASSETCATALOG_COMPILER_GENERATE_SWIFT_ASSET_SYMBOL_EXTENSIONS = YES;
				CLANG_ANALYZER_LOCALIZABILITY_NONLOCALIZED = YES;
				CLANG_ANALYZER_NONNULL = YES;
				CLANG_ANALYZER_NUMBER_OBJECT_CONVERSION = YES_AGGRESSIVE;
				CLANG_CXX_LANGUAGE_STANDARD = "gnu++20";
				CLANG_ENABLE_MODULES = YES;
				CLANG_ENABLE_OBJC_ARC = YES;
				CLANG_ENABLE_OBJC_WEAK = YES;
				CLANG_WARN_BLOCK_CAPTURE_AUTORELEASING = YES;
				CLANG_WARN_BOOL_CONVERSION = YES;
				CLANG_WARN_COMMA = YES;
				CLANG_WARN_CONSTANT_CONVERSION = YES;
				CLANG_WARN_DEPRECATED_OBJC_IMPLEMENTATIONS = YES;
				CLANG_WARN_DIRECT_OBJC_ISA_USAGE = YES_ERROR;
				CLANG_WARN_DOCUMENTATION_COMMENTS = YES;
				CLANG_WARN_EMPTY_BODY = YES;
				CLANG_WARN_ENUM_CONVERSION = YES;
				CLANG_WARN_INFINITE_RECURSION = YES;
				CLANG_WARN_INT_CONVERSION = YES;
				CLANG_WARN_NON_LITERAL_NULL_CONVERSION = YES;
				CLANG_WARN_OBJC_IMPLICIT_RETAIN_SELF = YES;
				CLANG_WARN_OBJC_LITERAL_CONVERSION = YES;
				CLANG_WARN_OBJC_ROOT_CLASS = YES_ERROR;
				CLANG_WARN_QUOTED_INCLUDE_IN_FRAMEWORK_HEADER = YES;
				CLANG_WARN_RANGE_LOOP_ANALYSIS = YES;
				CLANG_WARN_STRICT_PROTOTYPES = YES;
				CLANG_WARN_SUSPICIOUS_MOVE = YES;
				CLANG_WARN_UNGUARDED_AVAILABILITY = YES_AGGRESSIVE;
				CLANG_WARN_UNREACHABLE_CODE = YES;
				CLANG_WARN__DUPLICATE_METHOD_MATCH = YES;
				COPY_PHASE_STRIP = NO;
				DEBUG_INFORMATION_FORMAT = "dwarf-with-dsym";
				DEVELOPMENT_TEAM = 9258VT2Z85;
				ENABLE_NS_ASSERTIONS = NO;
				ENABLE_STRICT_OBJC_MSGSEND = YES;
				ENABLE_USER_SCRIPT_SANDBOXING = YES;
				GCC_C_LANGUAGE_STANDARD = gnu17;
				GCC_NO_COMMON_BLOCKS = YES;
				GCC_WARN_64_TO_32_BIT_CONVERSION = YES;
				GCC_WARN_ABOUT_RETURN_TYPE = YES_ERROR;
				GCC_WARN_UNDECLARED_SELECTOR = YES;
				GCC_WARN_UNINITIALIZED_AUTOS = YES_AGGRESSIVE;
				GCC_WARN_UNUSED_FUNCTION = YES;
				GCC_WARN_UNUSED_VARIABLE = YES;
				MTL_ENABLE_DEBUG_INFO = NO;
				MTL_FAST_MATH = YES;
				SDKROOT = macosx;
				STRING_CATALOG_GENERATE_SYMBOLS = YES;
				SWIFT_COMPILATION_MODE = wholemodule;
			};
			name = Release;
		};
		AA059CB22FE407A900DE3094 /* Debug */ = {
			isa = XCBuildConfiguration;
			baseConfigurationReferenceAnchor = AAE7F477303D75FE001A7B02 /* macOS */;
			baseConfigurationReferenceRelativePath = macOS.xcconfig;
			buildSettings = {
				ASSETCATALOG_COMPILER_APPICON_NAME = AppIcon;
				ASSETCATALOG_COMPILER_GLOBAL_ACCENT_COLOR_NAME = AccentColor;
				AUTOMATION_APPLE_EVENTS = NO;
				COMBINE_HIDPI_IMAGES = YES;
				ENABLE_APP_SANDBOX = YES;
				ENABLE_FILE_ACCESS_DOWNLOADS_FOLDER = readwrite;
				ENABLE_HARDENED_RUNTIME = YES;
				ENABLE_INCOMING_NETWORK_CONNECTIONS = NO;
				ENABLE_OUTGOING_NETWORK_CONNECTIONS = YES;
				ENABLE_RESOURCE_ACCESS_AUDIO_INPUT = YES;
				ENABLE_RESOURCE_ACCESS_BLUETOOTH = NO;
				ENABLE_RESOURCE_ACCESS_CALENDARS = NO;
				ENABLE_RESOURCE_ACCESS_CAMERA = YES;
				ENABLE_RESOURCE_ACCESS_CONTACTS = NO;
				ENABLE_RESOURCE_ACCESS_LOCATION = NO;
				ENABLE_RESOURCE_ACCESS_PHOTO_LIBRARY = NO;
				ENABLE_RESOURCE_ACCESS_PRINTING = NO;
				ENABLE_RESOURCE_ACCESS_USB = NO;
				ENABLE_USER_SELECTED_FILES = readonly;
				GENERATE_INFOPLIST_FILE = YES;
				INFOPLIST_KEY_ITSAppUsesNonExemptEncryption = NO;
				INFOPLIST_KEY_LSApplicationCategoryType = "public.app-category.productivity";
				INFOPLIST_KEY_NSCameraUsageDescription = "Grant access to your camera to show yourself during video calls.";
				INFOPLIST_KEY_NSHumanReadableCopyright = "Copyright © 2026 Iva Horn";
				INFOPLIST_KEY_NSLocalNetworkUsageDescription = "Grant access to allow connections to servers in your local network.";
				INFOPLIST_KEY_NSMainStoryboardFile = Main;
				INFOPLIST_KEY_NSMicrophoneUsageDescription = "Grant access to your microphone to speak freely during video calls.";
				INFOPLIST_KEY_NSPrincipalClass = NSApplication;
				LD_RUNPATH_SEARCH_PATHS = (
					"$(inherited)",
					"@executable_path/../Frameworks",
				);
				REGISTER_APP_GROUPS = YES;
				RUNTIME_EXCEPTION_ALLOW_DYLD_ENVIRONMENT_VARIABLES = NO;
				RUNTIME_EXCEPTION_ALLOW_JIT = NO;
				RUNTIME_EXCEPTION_ALLOW_UNSIGNED_EXECUTABLE_MEMORY = NO;
				RUNTIME_EXCEPTION_DEBUGGING_TOOL = NO;
				RUNTIME_EXCEPTION_DISABLE_EXECUTABLE_PAGE_PROTECTION = NO;
				RUNTIME_EXCEPTION_DISABLE_LIBRARY_VALIDATION = NO;
				STRING_CATALOG_GENERATE_SYMBOLS = YES;
				SWIFT_UPCOMING_FEATURE_MEMBER_IMPORT_VISIBILITY = YES;
			};
			name = Debug;
		};
		AA059CB32FE407A900DE3094 /* Release */ = {
			isa = XCBuildConfiguration;
			baseConfigurationReferenceAnchor = AAE7F477303D75FE001A7B02 /* macOS */;
			baseConfigurationReferenceRelativePath = macOS.xcconfig;
			buildSettings = {
				ASSETCATALOG_COMPILER_APPICON_NAME = AppIcon;
				ASSETCATALOG_COMPILER_GLOBAL_ACCENT_COLOR_NAME = AccentColor;
				AUTOMATION_APPLE_EVENTS = NO;
				COMBINE_HIDPI_IMAGES = YES;
				ENABLE_APP_SANDBOX = YES;
				ENABLE_FILE_ACCESS_DOWNLOADS_FOLDER = readwrite;
				ENABLE_HARDENED_RUNTIME = YES;
				ENABLE_INCOMING_NETWORK_CONNECTIONS = NO;
				ENABLE_OUTGOING_NETWORK_CONNECTIONS = YES;
				ENABLE_RESOURCE_ACCESS_AUDIO_INPUT = YES;
				ENABLE_RESOURCE_ACCESS_BLUETOOTH = NO;
				ENABLE_RESOURCE_ACCESS_CALENDARS = NO;
				ENABLE_RESOURCE_ACCESS_CAMERA = YES;
				ENABLE_RESOURCE_ACCESS_CONTACTS = NO;
				ENABLE_RESOURCE_ACCESS_LOCATION = NO;
				ENABLE_RESOURCE_ACCESS_PHOTO_LIBRARY = NO;
				ENABLE_RESOURCE_ACCESS_PRINTING = NO;
				ENABLE_RESOURCE_ACCESS_USB = NO;
				ENABLE_USER_SELECTED_FILES = readonly;
				GENERATE_INFOPLIST_FILE = YES;
				INFOPLIST_KEY_ITSAppUsesNonExemptEncryption = NO;
				INFOPLIST_KEY_LSApplicationCategoryType = "public.app-category.productivity";
				INFOPLIST_KEY_NSCameraUsageDescription = "Grant access to your camera to show yourself during video calls.";
				INFOPLIST_KEY_NSHumanReadableCopyright = "Copyright © 2026 Iva Horn";
				INFOPLIST_KEY_NSLocalNetworkUsageDescription = "Grant access to allow connections to servers in your local network.";
				INFOPLIST_KEY_NSMainStoryboardFile = Main;
				INFOPLIST_KEY_NSMicrophoneUsageDescription = "Grant access to your microphone to speak freely during video calls.";
				INFOPLIST_KEY_NSPrincipalClass = NSApplication;
				LD_RUNPATH_SEARCH_PATHS = (
					"$(inherited)",
					"@executable_path/../Frameworks",
				);
				REGISTER_APP_GROUPS = YES;
				RUNTIME_EXCEPTION_ALLOW_DYLD_ENVIRONMENT_VARIABLES = NO;
				RUNTIME_EXCEPTION_ALLOW_JIT = NO;
				RUNTIME_EXCEPTION_ALLOW_UNSIGNED_EXECUTABLE_MEMORY = NO;
				RUNTIME_EXCEPTION_DEBUGGING_TOOL = NO;
				RUNTIME_EXCEPTION_DISABLE_EXECUTABLE_PAGE_PROTECTION = NO;
				RUNTIME_EXCEPTION_DISABLE_LIBRARY_VALIDATION = NO;
				STRING_CATALOG_GENERATE_SYMBOLS = YES;
				SWIFT_UPCOMING_FEATURE_MEMBER_IMPORT_VISIBILITY = YES;
			};
			name = Release;
		};
		AA2AC5DB30189B11002A0C28 /* Debug */ = {
			isa = XCBuildConfiguration;
			baseConfigurationReferenceAnchor = AA2AC5D630189B11002A0C28 /* macOSTests */;
			baseConfigurationReferenceRelativePath = macOSTests.xcconfig;
			buildSettings = {
				BUNDLE_LOADER = "$(TEST_HOST)";
				GENERATE_INFOPLIST_FILE = YES;
				PRODUCT_NAME = "$(TARGET_NAME)";
				STRING_CATALOG_GENERATE_SYMBOLS = NO;
				SWIFT_UPCOMING_FEATURE_MEMBER_IMPORT_VISIBILITY = YES;
				TEST_HOST = "$(BUILT_PRODUCTS_DIR)/Cirruscope.app/$(BUNDLE_EXECUTABLE_FOLDER_PATH)/Cirruscope";
			};
			name = Debug;
		};
		AA2AC5DC30189B11002A0C28 /* Release */ = {
			isa = XCBuildConfiguration;
			baseConfigurationReferenceAnchor = AA2AC5D630189B11002A0C28 /* macOSTests */;
			baseConfigurationReferenceRelativePath = macOSTests.xcconfig;
			buildSettings = {
				BUNDLE_LOADER = "$(TEST_HOST)";
				GENERATE_INFOPLIST_FILE = YES;
				PRODUCT_NAME = "$(TARGET_NAME)";
				STRING_CATALOG_GENERATE_SYMBOLS = NO;
				SWIFT_UPCOMING_FEATURE_MEMBER_IMPORT_VISIBILITY = YES;
				TEST_HOST = "$(BUILT_PRODUCTS_DIR)/Cirruscope.app/$(BUNDLE_EXECUTABLE_FOLDER_PATH)/Cirruscope";
			};
			name = Release;
		};
		AAE7F46E303D7457001A7B02 /* Debug */ = {
			isa = XCBuildConfiguration;
			baseConfigurationReferenceAnchor = AAE7F451303D7455001A7B02 /* iOS */;
			baseConfigurationReferenceRelativePath = iOS.xcconfig;
			buildSettings = {
				ASSETCATALOG_COMPILER_APPICON_NAME = AppIcon;
				ASSETCATALOG_COMPILER_GLOBAL_ACCENT_COLOR_NAME = AccentColor;
				ENABLE_PREVIEWS = YES;
				GENERATE_INFOPLIST_FILE = YES;
				INFOPLIST_KEY_UIApplicationSceneManifest_Generation = YES;
				INFOPLIST_KEY_UIApplicationSupportsIndirectInputEvents = YES;
				INFOPLIST_KEY_UILaunchScreen_Generation = YES;
				INFOPLIST_KEY_UISupportedInterfaceOrientations_iPad = "UIInterfaceOrientationPortrait UIInterfaceOrientationPortraitUpsideDown UIInterfaceOrientationLandscapeLeft UIInterfaceOrientationLandscapeRight";
				INFOPLIST_KEY_UISupportedInterfaceOrientations_iPhone = "UIInterfaceOrientationPortrait UIInterfaceOrientationLandscapeLeft UIInterfaceOrientationLandscapeRight";
				LD_RUNPATH_SEARCH_PATHS = (
					"$(inherited)",
					"@executable_path/Frameworks",
				);
				STRING_CATALOG_GENERATE_SYMBOLS = YES;
				SWIFT_UPCOMING_FEATURE_MEMBER_IMPORT_VISIBILITY = YES;
			};
			name = Debug;
		};
		AAE7F46F303D7457001A7B02 /* Release */ = {
			isa = XCBuildConfiguration;
			baseConfigurationReferenceAnchor = AAE7F451303D7455001A7B02 /* iOS */;
			baseConfigurationReferenceRelativePath = iOS.xcconfig;
			buildSettings = {
				ASSETCATALOG_COMPILER_APPICON_NAME = AppIcon;
				ASSETCATALOG_COMPILER_GLOBAL_ACCENT_COLOR_NAME = AccentColor;
				ENABLE_PREVIEWS = YES;
				GENERATE_INFOPLIST_FILE = YES;
				INFOPLIST_KEY_UIApplicationSceneManifest_Generation = YES;
				INFOPLIST_KEY_UIApplicationSupportsIndirectInputEvents = YES;
				INFOPLIST_KEY_UILaunchScreen_Generation = YES;
				INFOPLIST_KEY_UISupportedInterfaceOrientations_iPad = "UIInterfaceOrientationPortrait UIInterfaceOrientationPortraitUpsideDown UIInterfaceOrientationLandscapeLeft UIInterfaceOrientationLandscapeRight";
				INFOPLIST_KEY_UISupportedInterfaceOrientations_iPhone = "UIInterfaceOrientationPortrait UIInterfaceOrientationLandscapeLeft UIInterfaceOrientationLandscapeRight";
				LD_RUNPATH_SEARCH_PATHS = (
					"$(inherited)",
					"@executable_path/Frameworks",
				);
				STRING_CATALOG_GENERATE_SYMBOLS = YES;
				SWIFT_UPCOMING_FEATURE_MEMBER_IMPORT_VISIBILITY = YES;
				VALIDATE_PRODUCT = YES;
			};
			name = Release;
		};
		AAE7F470303D7457001A7B02 /* Debug */ = {
			isa = XCBuildConfiguration;
			baseConfigurationReferenceAnchor = AAE7F45F303D7457001A7B02 /* iOSTests */;
			baseConfigurationReferenceRelativePath = iOSTests.xcconfig;
			buildSettings = {
				BUNDLE_LOADER = "$(TEST_HOST)";
				GENERATE_INFOPLIST_FILE = YES;
				PRODUCT_NAME = "$(TARGET_NAME)";
				SDKROOT = iphoneos;
				STRING_CATALOG_GENERATE_SYMBOLS = NO;
				SWIFT_EMIT_LOC_STRINGS = NO;
				SWIFT_UPCOMING_FEATURE_MEMBER_IMPORT_VISIBILITY = YES;
				TARGETED_DEVICE_FAMILY = "1,2";
				TEST_HOST = "$(BUILT_PRODUCTS_DIR)/Cirruscope.app/$(BUNDLE_EXECUTABLE_FOLDER_PATH)/Cirruscope";
			};
			name = Debug;
		};
		AAE7F471303D7457001A7B02 /* Release */ = {
			isa = XCBuildConfiguration;
			baseConfigurationReferenceAnchor = AAE7F45F303D7457001A7B02 /* iOSTests */;
			baseConfigurationReferenceRelativePath = iOSTests.xcconfig;
			buildSettings = {
				BUNDLE_LOADER = "$(TEST_HOST)";
				GENERATE_INFOPLIST_FILE = YES;
				PRODUCT_NAME = "$(TARGET_NAME)";
				SDKROOT = iphoneos;
				STRING_CATALOG_GENERATE_SYMBOLS = NO;
				SWIFT_EMIT_LOC_STRINGS = NO;
				SWIFT_UPCOMING_FEATURE_MEMBER_IMPORT_VISIBILITY = YES;
				TARGETED_DEVICE_FAMILY = "1,2";
				TEST_HOST = "$(BUILT_PRODUCTS_DIR)/Cirruscope.app/$(BUNDLE_EXECUTABLE_FOLDER_PATH)/Cirruscope";
				VALIDATE_PRODUCT = YES;
			};
			name = Release;
		};
/* End XCBuildConfiguration section */

/* Begin XCConfigurationList section */
		AA059C9E2FE407A700DE3094 /* Build configuration list for PBXProject "Cirruscope" */ = {
			isa = XCConfigurationList;
			buildConfigurations = (
				AA059CAF2FE407A900DE3094 /* Debug */,
				AA059CB02FE407A900DE3094 /* Release */,
			);
			defaultConfigurationIsVisible = 0;
			defaultConfigurationName = Release;
		};
		AA059CB12FE407A900DE3094 /* Build configuration list for PBXNativeTarget "macOS" */ = {
			isa = XCConfigurationList;
			buildConfigurations = (
				AA059CB22FE407A900DE3094 /* Debug */,
				AA059CB32FE407A900DE3094 /* Release */,
			);
			defaultConfigurationIsVisible = 0;
			defaultConfigurationName = Release;
		};
		AA2AC5DD30189B11002A0C28 /* Build configuration list for PBXNativeTarget "macOSTests" */ = {
			isa = XCConfigurationList;
			buildConfigurations = (
				AA2AC5DB30189B11002A0C28 /* Debug */,
				AA2AC5DC30189B11002A0C28 /* Release */,
			);
			defaultConfigurationIsVisible = 0;
			defaultConfigurationName = Release;
		};
		AAE7F474303D7457001A7B02 /* Build configuration list for PBXNativeTarget "iOS" */ = {
			isa = XCConfigurationList;
			buildConfigurations = (
				AAE7F46E303D7457001A7B02 /* Debug */,
				AAE7F46F303D7457001A7B02 /* Release */,
			);
			defaultConfigurationIsVisible = 0;
			defaultConfigurationName = Release;
		};
		AAE7F475303D7457001A7B02 /* Build configuration list for PBXNativeTarget "iOSTests" */ = {
			isa = XCConfigurationList;
			buildConfigurations = (
				AAE7F470303D7457001A7B02 /* Debug */,
				AAE7F471303D7457001A7B02 /* Release */,
			);
			defaultConfigurationIsVisible = 0;
			defaultConfigurationName = Release;
		};
/* End XCConfigurationList section */

/* Begin XCRemoteSwiftPackageReference section */
		AA059CE12FE42E5500DE3094 /* XCRemoteSwiftPackageReference "rainmaker" */ = {
			isa = XCRemoteSwiftPackageReference;
			repositoryURL = "https://github.com/i2h3/rainmaker";
			requirement = {
				kind = upToNextMajorVersion;
				minimumVersion = 3.0.0;
			};
		};
/* End XCRemoteSwiftPackageReference section */

/* Begin XCSwiftPackageProductDependency section */
		AA059CE22FE42E5500DE3094 /* Rainmaker */ = {
			isa = XCSwiftPackageProductDependency;
			package = AA059CE12FE42E5500DE3094 /* XCRemoteSwiftPackageReference "rainmaker" */;
			productName = Rainmaker;
		};
/* End XCSwiftPackageProductDependency section */
	};
	rootObject = AA059C9B2FE407A700DE3094 /* Project object */;
}
